
Microsoft Visual Studio Solution File, Format Version 12.00
# Visual Studio Version 17
VisualStudioVersion = 17.4.33213.308
MinimumVisualStudioVersion = 10.0.40219.1
Project("{FAE04EC0-301F-11D3-BF4B-00C04F79EFBC}") = "ProyectoJuego", "ProyectoJuego.csproj", "{3D6A9962-355F-4BDD-9D2C-C584AD19C4A7}"
EndProject
Global
	GlobalSection(SolutionConfigurationPlatforms) = preSolution
		Debug|Any CPU = Debug|Any CPU
		Release|Any CPU = Release|Any CPU
	EndGlobalSection
	GlobalSection(ProjectConfigurationPlatforms) = postSolution
		{3D6A9962-355F-4BDD-9D2C-C584AD19C4A7}.Debug|Any CPU.ActiveCfg = Debug|Any CPU
		{3D6A9962-355F-4BDD-9D2C-C584AD19C4A7}.Debug|Any CPU.Build.0 = Debug|Any CPU
		{3D6A9962-355F-4BDD-9D2C-C584AD19C4A7}.Release|Any CPU.ActiveCfg = Release|Any CPU
		{3D6A9962-355F-4BDD-9D2C-C584AD19C4A7}.Release|Any CPU.Build.0 = Release|Any CPU
	EndGlobalSection
	GlobalSection(SolutionProperties) = preSolution
		HideSolutionNode = FALSE
	EndGlobalSection
	GlobalSection(ExtensibilityGlobals) = postSolution
		SolutionGuid = {E44E7537-C6F2-46D8-8E4E-17F3F4A9D4AE}
	EndGlobalSection
EndGlobal
